
Microsoft Visual Studio Solution File, Format Version 12.00
# Visual Studio Version 16
VisualStudioVersion = 16.0.30320.27
MinimumVisualStudioVersion = 10.0.40219.1
Project("{9A19103F-16F7-4668-BE54-9A1E7A4F7556}") = "WpfGraphControl", "..\tools\WpfGraphControl\WpfGraphControl.csproj", "{03E9E10A-39CD-4A26-93A0-6F20E4FDC9CF}"
EndProject
Project("{9A19103F-16F7-4668-BE54-9A1E7A4F7556}") = "AutomaticGraphLayout", "..\MSAGL\AutomaticGraphLayout.csproj", "{77526F39-0B6A-48D8-A9A5-BE83056A34AA}"
EndProject
Project("{9A19103F-16F7-4668-BE54-9A1E7A4F7556}") = "AutomaticGraphLayout.Drawing", "..\Drawing\AutomaticGraphLayout.Drawing.csproj", "{C154EBEA-72C5-437D-B6C1-9EF0519A41FE}"
EndProject
Global
	GlobalSection(SolutionConfigurationPlatforms) = preSolution
		Debug|Any CPU = Debug|Any CPU
		Release|Any CPU = Release|Any CPU
	EndGlobalSection
	GlobalSection(ProjectConfigurationPlatforms) = postSolution
		{03E9E10A-39CD-4A26-93A0-6F20E4FDC9CF}.Debug|Any CPU.ActiveCfg = Debug|Any CPU
		{03E9E10A-39CD-4A26-93A0-6F20E4FDC9CF}.Debug|Any CPU.Build.0 = Debug|Any CPU
		{03E9E10A-39CD-4A26-93A0-6F20E4FDC9CF}.Release|Any CPU.ActiveCfg = Release|Any CPU
		{03E9E10A-39CD-4A26-93A0-6F20E4FDC9CF}.Release|Any CPU.Build.0 = Release|Any CPU
		{77526F39-0B6A-48D8-A9A5-BE83056A34AA}.Debug|Any CPU.ActiveCfg = Debug|Any CPU
		{77526F39-0B6A-48D8-A9A5-BE83056A34AA}.Debug|Any CPU.Build.0 = Debug|Any CPU
		{77526F39-0B6A-48D8-A9A5-BE83056A34AA}.Release|Any CPU.ActiveCfg = Release|Any CPU
		{77526F39-0B6A-48D8-A9A5-BE83056A34AA}.Release|Any CPU.Build.0 = Release|Any CPU
		{C154EBEA-72C5-437D-B6C1-9EF0519A41FE}.Debug|Any CPU.ActiveCfg = Debug|Any CPU
		{C154EBEA-72C5-437D-B6C1-9EF0519A41FE}.Debug|Any CPU.Build.0 = Debug|Any CPU
		{C154EBEA-72C5-437D-B6C1-9EF0519A41FE}.Release|Any CPU.ActiveCfg = Release|Any CPU
		{C154EBEA-72C5-437D-B6C1-9EF0519A41FE}.Release|Any CPU.Build.0 = Release|Any CPU
	EndGlobalSection
	GlobalSection(SolutionProperties) = preSolution
		HideSolutionNode = FALSE
	EndGlobalSection
	GlobalSection(ExtensibilityGlobals) = postSolution
		SolutionGuid = {D8C96C85-5A8A-46F5-BB2F-9C43825280A1}
	EndGlobalSection
EndGlobal
